
Microsoft Visual Studio Solution File, Format Version 12.00
# Visual Studio 15
VisualStudioVersion = 15.0.26430.15
MinimumVisualStudioVersion = 10.0.40219.1
Project("{FAE04EC0-301F-11D3-BF4B-00C04F79EFBC}") = "NXMobileHandsOn", "NXMobileHandsOn\NXMobileHandsOn\NXMobileHandsOn.csproj", "{2185B3D7-8734-47A6-B38F-EC10C5952790}"
EndProject
Project("{FAE04EC0-301F-11D3-BF4B-00C04F79EFBC}") = "NXMobileHandsOn.Droid", "NXMobileHandsOn\NXMobileHandsOn.Droid\NXMobileHandsOn.Droid.csproj", "{318DAB1A-4E9F-4120-89DB-C7649A270265}"
EndProject
Project("{FAE04EC0-301F-11D3-BF4B-00C04F79EFBC}") = "Service.Tests", "Service.Tests\Service.Tests.csproj", "{A2F4BDFF-26FD-4CA6-90D9-6EF16F0D085D}"
EndProject
Project("{FAE04EC0-301F-11D3-BF4B-00C04F79EFBC}") = "Android.UITest", "Android.UITest\Android.UITest.csproj", "{97C4050D-342D-433C-B307-A5DD9D541DDF}"
EndProject
Project("{2150E333-8FDC-42A3-9474-1A3956D46DE8}") = "Tests", "Tests", "{639F192B-4A00-4F16-8AB8-A558CA8C7F87}"
EndProject
Global
	GlobalSection(SolutionConfigurationPlatforms) = preSolution
		Debug|Any CPU = Debug|Any CPU
		Release|Any CPU = Release|Any CPU
	EndGlobalSection
	GlobalSection(ProjectConfigurationPlatforms) = postSolution
		{2185B3D7-8734-47A6-B38F-EC10C5952790}.Debug|Any CPU.ActiveCfg = Debug|Any CPU
		{2185B3D7-8734-47A6-B38F-EC10C5952790}.Debug|Any CPU.Build.0 = Debug|Any CPU
		{2185B3D7-8734-47A6-B38F-EC10C5952790}.Release|Any CPU.ActiveCfg = Release|Any CPU
		{2185B3D7-8734-47A6-B38F-EC10C5952790}.Release|Any CPU.Build.0 = Release|Any CPU
		{318DAB1A-4E9F-4120-89DB-C7649A270265}.Debug|Any CPU.ActiveCfg = Debug|Any CPU
		{318DAB1A-4E9F-4120-89DB-C7649A270265}.Debug|Any CPU.Build.0 = Debug|Any CPU
		{318DAB1A-4E9F-4120-89DB-C7649A270265}.Debug|Any CPU.Deploy.0 = Debug|Any CPU
		{318DAB1A-4E9F-4120-89DB-C7649A270265}.Release|Any CPU.ActiveCfg = Release|Any CPU
		{318DAB1A-4E9F-4120-89DB-C7649A270265}.Release|Any CPU.Build.0 = Release|Any CPU
		{318DAB1A-4E9F-4120-89DB-C7649A270265}.Release|Any CPU.Deploy.0 = Release|Any CPU
		{A2F4BDFF-26FD-4CA6-90D9-6EF16F0D085D}.Debug|Any CPU.ActiveCfg = Debug|Any CPU
		{A2F4BDFF-26FD-4CA6-90D9-6EF16F0D085D}.Debug|Any CPU.Build.0 = Debug|Any CPU
		{A2F4BDFF-26FD-4CA6-90D9-6EF16F0D085D}.Release|Any CPU.ActiveCfg = Release|Any CPU
		{A2F4BDFF-26FD-4CA6-90D9-6EF16F0D085D}.Release|Any CPU.Build.0 = Release|Any CPU
		{97C4050D-342D-433C-B307-A5DD9D541DDF}.Debug|Any CPU.ActiveCfg = Debug|Any CPU
		{97C4050D-342D-433C-B307-A5DD9D541DDF}.Debug|Any CPU.Build.0 = Debug|Any CPU
		{97C4050D-342D-433C-B307-A5DD9D541DDF}.Release|Any CPU.ActiveCfg = Release|Any CPU
		{97C4050D-342D-433C-B307-A5DD9D541DDF}.Release|Any CPU.Build.0 = Release|Any CPU
	EndGlobalSection
	GlobalSection(SolutionProperties) = preSolution
		HideSolutionNode = FALSE
	EndGlobalSection
	GlobalSection(NestedProjects) = preSolution
		{A2F4BDFF-26FD-4CA6-90D9-6EF16F0D085D} = {639F192B-4A00-4F16-8AB8-A558CA8C7F87}
		{97C4050D-342D-433C-B307-A5DD9D541DDF} = {639F192B-4A00-4F16-8AB8-A558CA8C7F87}
	EndGlobalSection
EndGlobal
